{
  "version": 4,
  "terraform_version": "1.0.9",
  "serial": 1,
  "lineage": "35a13432-c3b5-e69e-5b80-d4e5bc169227",
  "outputs": {},
  "resources": [
    {
      "mode": "managed",
      "type": "github_repository",
      "name": "example",
      "provider": "provider[\"registry.terraform.io/integrations/github\"]",
      "instances": [
        {
          "schema_version": 0,
          "attributes": {
            "allow_auto_merge": false,
            "allow_merge_commit": true,
            "allow_rebase_merge": true,
            "allow_squash_merge": true,
            "archive_on_destroy": null,
            "archived": false,
            "auto_init": null,
            "branches": [],
            "default_branch": "main",
            "delete_branch_on_merge": false,
            "description": "",
            "etag": "W/\"b6678a52d75c162c3c8cef3a3bc943660559a105a516c9d72eed410a4c6e22ea\"",
            "full_name": "mamounjanfor/create_Repo_by_terraform",
            "git_clone_url": "git://github.com/mamounjanfor/create_Repo_by_terraform.git",
            "gitignore_template": null,
            "has_downloads": false,
            "has_issues": false,
            "has_projects": false,
            "has_wiki": false,
            "homepage_url": "",
            "html_url": "https://github.com/mamounjanfor/create_Repo_by_terraform",
            "http_clone_url": "https://github.com/mamounjanfor/create_Repo_by_terraform.git",
            "id": "create_Repo_by_terraform",
            "is_template": false,
            "license_template": null,
            "name": "create_Repo_by_terraform",
            "node_id": "R_kgDOG1dOKw",
            "pages": [],
            "private": false,
            "repo_id": 458706475,
            "ssh_clone_url": "git@github.com:mamounjanfor/create_Repo_by_terraform.git",
            "svn_url": "https://github.com/mamounjanfor/create_Repo_by_terraform",
            "template": [],
            "topics": null,
            "visibility": "public",
            "vulnerability_alerts": false
          },
          "sensitive_attributes": [],
          "private": "bnVsbA=="
        }
      ]
    }
  ]
}
